// !$*UTF8*$!
{
	archiveVersion = 1;
	classes = {
	};
	objectVersion = 46;
	objects = {

/* Begin PBXBuildFile section */
		9F451A261EEDD3700071925E /* AppDelegate.swift in Sources */ = {isa = PBXBuildFile; fileRef = 9F451A251EEDD3700071925E /* AppDelegate.swift */; };
		9F451A281EEDD3700071925E /* ViewController.swift in Sources */ = {isa = PBXBuildFile; fileRef = 9F451A271EEDD3700071925E /* ViewController.swift */; };
		9F451A2B1EEDD3700071925E /* Main.storyboard in Resources */ = {isa = PBXBuildFile; fileRef = 9F451A291EEDD3700071925E /* Main.storyboard */; };
		9F451A2D1EEDD3700071925E /* Assets.xcassets in Resources */ = {isa = PBXBuildFile; fileRef = 9F451A2C1EEDD3700071925E /* Assets.xcassets */; };
		9F451A301EEDD3700071925E /* LaunchScreen.storyboard in Resources */ = {isa = PBXBuildFile; fileRef = 9F451A2E1EEDD3700071925E /* LaunchScreen.storyboard */; };
		9F451A3B1EEDD3710071925E /* TestTests.swift in Sources */ = {isa = PBXBuildFile; fileRef = 9F451A3A1EEDD3710071925E /* TestTests.swift */; };
/* End PBXBuildFile section */

/* Begin PBXContainerItemProxy section */
		9F451A371EEDD3710071925E /* PBXContainerItemProxy */ = {
			isa = PBXContainerItemProxy;
			containerPortal = 9F451A1A1EEDD3700071925E /* Project object */;
			proxyType = 1;
			remoteGlobalIDString = 9F451A211EEDD3700071925E;
			remoteInfo = Test;
		};
/* End PBXContainerItemProxy section */

/* Begin PBXFileReference section */
		9F451A221EEDD3700071925E /* Test.app */ = {isa = PBXFileReference; explicitFileType = wrapper.application; includeInIndex = 0; path = Test.app; sourceTree = BUILT_PRODUCTS_DIR; };
		9F451A251EEDD3700071925E /* AppDelegate.swift */ = {isa = PBXFileReference; lastKnownFileType = sourcecode.swift; path = AppDelegate.swift; sourceTree = "<group>"; };
		9F451A271EEDD3700071925E /* ViewController.swift */ = {isa = PBXFileReference; lastKnownFileType = sourcecode.swift; path = ViewController.swift; sourceTree = "<group>"; };
		9F451A2A1EEDD3700071925E /* Base */ = {isa = PBXFileReference; lastKnownFileType = file.storyboard; name = Base; path = Base.lproj/Main.storyboard; sourceTree = "<group>"; };
		9F451A2C1EEDD3700071925E /* Assets.xcassets */ = {isa = PBXFileReference; lastKnownFileType = folder.assetcatalog; path = Assets.xcassets; sourceTree = "<group>"; };
		9F451A2F1EEDD3700071925E /* Base */ = {isa = PBXFileReference; lastKnownFileType = file.storyboard; name = Base; path = Base.lproj/LaunchScreen.storyboard; sourceTree = "<group>"; };
		9F451A311EEDD3700071925E /* Info.plist */ = {isa = PBXFileReference; lastKnownFileType = text.plist.xml; path = Info.plist; sourceTree = "<group>"; };
		9F451A361EEDD3710071925E /* TestTests.xctest */ = {isa = PBXFileReference; explicitFileType = wrapper.cfbundle; includeInIndex = 0; path = TestTests.xctest; sourceTree = BUILT_PRODUCTS_DIR; };
		9F451A3A1EEDD3710071925E /* TestTests.swift */ = {isa = PBXFileReference; lastKnownFileType = sourcecode.swift; path = TestTests.swift; sourceTree = "<group>"; };
		9F451A3C1EEDD3710071925E /* Info.plist */ = {isa = PBXFileReference; lastKnownFileType = text.plist.xml; path = Info.plist; sourceTree = "<group>"; };
/* End PBXFileReference section */

/* Begin PBXFrameworksBuildPhase section */
		9F451A1F1EEDD3700071925E /* Frameworks */ = {
			isa = PBXFrameworksBuildPhase;
			buildActionMask = 2147483647;
			files = (
			);
			runOnlyForDeploymentPostprocessing = 0;
		};
		9F451A331EEDD3710071925E /* Frameworks */ = {
			isa = PBXFrameworksBuildPhase;
			buildActionMask = 2147483647;
			files = (
			);
			runOnlyForDeploymentPostprocessing = 0;
		};
/* End PBXFrameworksBuildPhase section */

/* Begin PBXGroup section */
		9F451A191EEDD3700071925E = {
			isa = PBXGroup;
			children = (
				9F451A241EEDD3700071925E /* Test */,
				9F451A391EEDD3710071925E /* TestTests */,
				9F451A231EEDD3700071925E /* Products */,
			);
			sourceTree = "<group>";
		};
		9F451A231EEDD3700071925E /* Products */ = {
			isa = PBXGroup;
			children = (
				9F451A221EEDD3700071925E /* Test.app */,
				9F451A361EEDD3710071925E /* TestTests.xctest */,
			);
			name = Products;
			sourceTree = "<group>";
		};
		9F451A241EEDD3700071925E /* Test */ = {
			isa = PBXGroup;
			children = (
				9F451A251EEDD3700071925E /* AppDelegate.swift */,
				9F451A271EEDD3700071925E /* ViewController.swift */,
				9F451A291EEDD3700071925E /* Main.storyboard */,
				9F451A2C1EEDD3700071925E /* Assets.xcassets */,
				9F451A2E1EEDD3700071925E /* LaunchScreen.storyboard */,
				9F451A311EEDD3700071925E /* Info.plist */,
			);
			path = Test;
			sourceTree = "<group>";
		};
		9F451A391EEDD3710071925E /* TestTests */ = {
			isa = PBXGroup;
			children = (
				9F451A3A1EEDD3710071925E /* TestTests.swift */,
				9F451A3C1EEDD3710071925E /* Info.plist */,
			);
			path = TestTests;
			sourceTree = "<group>";
		};
/* End PBXGroup section */

/* Begin PBXNativeTarget section */
		9F451A211EEDD3700071925E /* Test */ = {
			isa = PBXNativeTarget;
			buildConfigurationList = 9F451A3F1EEDD3710071925E /* Build configuration list for PBXNativeTarget "Test" */;
			buildPhases = (
				9F451A1E1EEDD3700071925E /* Sources */,
				9F451A1F1EEDD3700071925E /* Frameworks */,
				9F451A201EEDD3700071925E /* Resources */,
			);
			buildRules = (
			);
			dependencies = (
			);
			name = Test;
			productName = Test;
			productReference = 9F451A221EEDD3700071925E /* Test.app */;
			productType = "com.apple.product-type.application";
		};
		9F451A351EEDD3710071925E /* TestTests */ = {
			isa = PBXNativeTarget;
			buildConfigurationList = 9F451A421EEDD3710071925E /* Build configuration list for PBXNativeTarget "TestTests" */;
			buildPhases = (
				9F451A321EEDD3710071925E /* Sources */,
				9F451A331EEDD3710071925E /* Frameworks */,
				9F451A341EEDD3710071925E /* Resources */,
			);
			buildRules = (
			);
			dependencies = (
				9F451A381EEDD3710071925E /* PBXTargetDependency */,
			);
			name = TestTests;
			productName = TestTests;
			productReference = 9F451A361EEDD3710071925E /* TestTests.xctest */;
			productType = "com.apple.product-type.bundle.unit-test";
		};
/* End PBXNativeTarget section */

/* Begin PBXProject section */
		9F451A1A1EEDD3700071925E /* Project object */ = {
			isa = PBXProject;
			attributes = {
				LastSwiftUpdateCheck = 0830;
				LastUpgradeCheck = 0830;
				ORGANIZATIONNAME = Karthik;
				TargetAttributes = {
					9F451A211EEDD3700071925E = {
						CreatedOnToolsVersion = 8.3.3;
						ProvisioningStyle = Automatic;
					};
					9F451A351EEDD3710071925E = {
						CreatedOnToolsVersion = 8.3.3;
						ProvisioningStyle = Automatic;
						TestTargetID = 9F451A211EEDD3700071925E;
					};
				};
			};
			buildConfigurationList = 9F451A1D1EEDD3700071925E /* Build configuration list for PBXProject "Test" */;
			compatibilityVersion = "Xcode 3.2";
			developmentRegion = English;
			hasScannedForEncodings = 0;
			knownRegions = (
				en,
				Base,
			);
			mainGroup = 9F451A191EEDD3700071925E;
			productRefGroup = 9F451A231EEDD3700071925E /* Products */;
			projectDirPath = "";
			projectRoot = "";
			targets = (
				9F451A211EEDD3700071925E /* Test */,
				9F451A351EEDD3710071925E /* TestTests */,
			);
		};
/* End PBXProject section */

/* Begin PBXResourcesBuildPhase section */
		9F451A201EEDD3700071925E /* Resources */ = {
			isa = PBXResourcesBuildPhase;
			buildActionMask = 2147483647;
			files = (
				9F451A301EEDD3700071925E /* LaunchScreen.storyboard in Resources */,
				9F451A2D1EEDD3700071925E /* Assets.xcassets in Resources */,
				9F451A2B1EEDD3700071925E /* Main.storyboard in Resources */,
			);
			runOnlyForDeploymentPostprocessing = 0;
		};
		9F451A341EEDD3710071925E /* Resources */ = {
			isa = PBXResourcesBuildPhase;
			buildActionMask = 2147483647;
			files = (
			);
			runOnlyForDeploymentPostprocessing = 0;
		};
/* End PBXResourcesBuildPhase section */

/* Begin PBXSourcesBuildPhase section */
		9F451A1E1EEDD3700071925E /* Sources */ = {
			isa = PBXSourcesBuildPhase;
			buildActionMask = 2147483647;
			files = (
				9F451A281EEDD3700071925E /* ViewController.swift in Sources */,
				9F451A261EEDD3700071925E /* AppDelegate.swift in Sources */,
			);
			runOnlyForDeploymentPostprocessing = 0;
		};
		9F451A321EEDD3710071925E /* Sources */ = {
			isa = PBXSourcesBuildPhase;
			buildActionMask = 2147483647;
			files = (
				9F451A3B1EEDD3710071925E /* TestTests.swift in Sources */,
			);
			runOnlyForDeploymentPostprocessing = 0;
		};
/* End PBXSourcesBuildPhase section */

/* Begin PBXTargetDependency section */
		9F451A381EEDD3710071925E /* PBXTargetDependency */ = {
			isa = PBXTargetDependency;
			target = 9F451A211EEDD3700071925E /* Test */;
			targetProxy = 9F451A371EEDD3710071925E /* PBXContainerItemProxy */;
		};
/* End PBXTargetDependency section */

/* Begin PBXVariantGroup section */
		9F451A291EEDD3700071925E /* Main.storyboard */ = {
			isa = PBXVariantGroup;
			children = (
				9F451A2A1EEDD3700071925E /* Base */,
			);
			name = Main.storyboard;
			sourceTree = "<group>";
		};
		9F451A2E1EEDD3700071925E /* LaunchScreen.storyboard */ = {
			isa = PBXVariantGroup;
			children = (
				9F451A2F1EEDD3700071925E /* Base */,
			);
			name = LaunchScreen.storyboard;
			sourceTree = "<group>";
		};
/* End PBXVariantGroup section */

/* Begin XCBuildConfiguration section */
		9F451A3D1EEDD3710071925E /* Debug */ = {
			isa = XCBuildConfiguration;
			buildSettings = {
				ALWAYS_SEARCH_USER_PATHS = NO;
				CLANG_ANALYZER_NONNULL = YES;
				CLANG_ANALYZER_NUMBER_OBJECT_CONVERSION = YES_AGGRESSIVE;
				CLANG_CXX_LANGUAGE_STANDARD = "gnu++0x";
				CLANG_CXX_LIBRARY = "libc++";
				CLANG_ENABLE_MODULES = YES;
				CLANG_ENABLE_OBJC_ARC = YES;
				CLANG_WARN_BOOL_CONVERSION = YES;
				CLANG_WARN_CONSTANT_CONVERSION = YES;
				CLANG_WARN_DIRECT_OBJC_ISA_USAGE = YES_ERROR;
				CLANG_WARN_DOCUMENTATION_COMMENTS = YES;
				CLANG_WARN_EMPTY_BODY = YES;
				CLANG_WARN_ENUM_CONVERSION = YES;
				CLANG_WARN_INFINITE_RECURSION = YES;
				CLANG_WARN_INT_CONVERSION = YES;
				CLANG_WARN_OBJC_ROOT_CLASS = YES_ERROR;
				CLANG_WARN_SUSPICIOUS_MOVE = YES;
				CLANG_WARN_UNREACHABLE_CODE = YES;
				CLANG_WARN__DUPLICATE_METHOD_MATCH = YES;
				"CODE_SIGN_IDENTITY[sdk=iphoneos*]" = "iPhone Developer";
				COPY_PHASE_STRIP = NO;
				DEBUG_INFORMATION_FORMAT = dwarf;
				ENABLE_STRICT_OBJC_MSGSEND = YES;
				ENABLE_TESTABILITY = YES;
				GCC_C_LANGUAGE_STANDARD = gnu99;
				GCC_DYNAMIC_NO_PIC = NO;
				GCC_NO_COMMON_BLOCKS = YES;
				GCC_OPTIMIZATION_LEVEL = 0;
				GCC_PREPROCESSOR_DEFINITIONS = (
					"DEBUG=1",
					"$(inherited)",
				);
				GCC_WARN_64_TO_32_BIT_CONVERSION = YES;
				GCC_WARN_ABOUT_RETURN_TYPE = YES_ERROR;
				GCC_WARN_UNDECLARED_SELECTOR = YES;
				GCC_WARN_UNINITIALIZED_AUTOS = YES_AGGRESSIVE;
				GCC_WARN_UNUSED_FUNCTION = YES;
				GCC_WARN_UNUSED_VARIABLE = YES;
				IPHONEOS_DEPLOYMENT_TARGET = 10.3;
				MTL_ENABLE_DEBUG_INFO = YES;
				ONLY_ACTIVE_ARCH = YES;
				SDKROOT = iphoneos;
				SWIFT_ACTIVE_COMPILATION_CONDITIONS = DEBUG;
				SWIFT_OPTIMIZATION_LEVEL = "-Onone";
				TARGETED_DEVICE_FAMILY = "1,2";
			};
			name = Debug;
		};
		9F451A3E1EEDD3710071925E /* Release */ = {
			isa = XCBuildConfiguration;
			buildSettings = {
				ALWAYS_SEARCH_USER_PATHS = NO;
				CLANG_ANALYZER_NONNULL = YES;
				CLANG_ANALYZER_NUMBER_OBJECT_CONVERSION = YES_AGGRESSIVE;
				CLANG_CXX_LANGUAGE_STANDARD = "gnu++0x";
				CLANG_CXX_LIBRARY = "libc++";
				CLANG_ENABLE_MODULES = YES;
				CLANG_ENABLE_OBJC_ARC = YES;
				CLANG_WARN_BOOL_CONVERSION = YES;
				CLANG_WARN_CONSTANT_CONVERSION = YES;
				CLANG_WARN_DIRECT_OBJC_ISA_USAGE = YES_ERROR;
				CLANG_WARN_DOCUMENTATION_COMMENTS = YES;
				CLANG_WARN_EMPTY_BODY = YES;
				CLANG_WARN_ENUM_CONVERSION = YES;
				CLANG_WARN_INFINITE_RECURSION = YES;
				CLANG_WARN_INT_CONVERSION = YES;
				CLANG_WARN_OBJC_ROOT_CLASS = YES_ERROR;
				CLANG_WARN_SUSPICIOUS_MOVE = YES;
				CLANG_WARN_UNREACHABLE_CODE = YES;
				CLANG_WARN__DUPLICATE_METHOD_MATCH = YES;
				"CODE_SIGN_IDENTITY[sdk=iphoneos*]" = "iPhone Developer";
				COPY_PHASE_STRIP = NO;
				DEBUG_INFORMATION_FORMAT = "dwarf-with-dsym";
				ENABLE_NS_ASSERTIONS = NO;
				ENABLE_STRICT_OBJC_MSGSEND = YES;
				GCC_C_LANGUAGE_STANDARD = gnu99;
				GCC_NO_COMMON_BLOCKS = YES;
				GCC_WARN_64_TO_32_BIT_CONVERSION = YES;
				GCC_WARN_ABOUT_RETURN_TYPE = YES_ERROR;
				GCC_WARN_UNDECLARED_SELECTOR = YES;
				GCC_WARN_UNINITIALIZED_AUTOS = YES_AGGRESSIVE;
				GCC_WARN_UNUSED_FUNCTION = YES;
				GCC_WARN_UNUSED_VARIABLE = YES;
				IPHONEOS_DEPLOYMENT_TARGET = 10.3;
				MTL_ENABLE_DEBUG_INFO = NO;
				SDKROOT = iphoneos;
				SWIFT_OPTIMIZATION_LEVEL = "-Owholemodule";
				TARGETED_DEVICE_FAMILY = "1,2";
				VALIDATE_PRODUCT = YES;
			};
			name = Release;
		};
		9F451A401EEDD3710071925E /* Debug */ = {
			isa = XCBuildConfiguration;
			buildSettings = {
				ASSETCATALOG_COMPILER_APPICON_NAME = AppIcon;
				INFOPLIST_FILE = Test/Info.plist;
				LD_RUNPATH_SEARCH_PATHS = "$(inherited) @executable_path/Frameworks";
				PRODUCT_BUNDLE_IDENTIFIER = com.Karthik.Test;
				PRODUCT_NAME = "$(TARGET_NAME)";
				SWIFT_VERSION = 3.0;
			};
			name = Debug;
		};
		9F451A411EEDD3710071925E /* Release */ = {
			isa = XCBuildConfiguration;
			buildSettings = {
				ASSETCATALOG_COMPILER_APPICON_NAME = AppIcon;
				INFOPLIST_FILE = Test/Info.plist;
				LD_RUNPATH_SEARCH_PATHS = "$(inherited) @executable_path/Frameworks";
				PRODUCT_BUNDLE_IDENTIFIER = com.Karthik.Test;
				PRODUCT_NAME = "$(TARGET_NAME)";
				SWIFT_VERSION = 3.0;
			};
			name = Release;
		};
		9F451A431EEDD3710071925E /* Debug */ = {
			isa = XCBuildConfiguration;
			buildSettings = {
				ALWAYS_EMBED_SWIFT_STANDARD_LIBRARIES = YES;
				BUNDLE_LOADER = "$(TEST_HOST)";
				INFOPLIST_FILE = TestTests/Info.plist;
				LD_RUNPATH_SEARCH_PATHS = "$(inherited) @executable_path/Frameworks @loader_path/Frameworks";
				PRODUCT_BUNDLE_IDENTIFIER = com.Karthik.TestTests;
				PRODUCT_NAME = "$(TARGET_NAME)";
				SWIFT_VERSION = 3.0;
				TEST_HOST = "$(BUILT_PRODUCTS_DIR)/Test.app/Test";
			};
			name = Debug;
		};
		9F451A441EEDD3710071925E /* Release */ = {
			isa = XCBuildConfiguration;
			buildSettings = {
				ALWAYS_EMBED_SWIFT_STANDARD_LIBRARIES = YES;
				BUNDLE_LOADER = "$(TEST_HOST)";
				INFOPLIST_FILE = TestTests/Info.plist;
				LD_RUNPATH_SEARCH_PATHS = "$(inherited) @executable_path/Frameworks @loader_path/Frameworks";
				PRODUCT_BUNDLE_IDENTIFIER = com.Karthik.TestTests;
				PRODUCT_NAME = "$(TARGET_NAME)";
				SWIFT_VERSION = 3.0;
				TEST_HOST = "$(BUILT_PRODUCTS_DIR)/Test.app/Test";
			};
			name = Release;
		};
/* End XCBuildConfiguration section */

/* Begin XCConfigurationList section */
		9F451A1D1EEDD3700071925E /* Build configuration list for PBXProject "Test" */ = {
			isa = XCConfigurationList;
			buildConfigurations = (
				9F451A3D1EEDD3710071925E /* Debug */,
				9F451A3E1EEDD3710071925E /* Release */,
			);
			defaultConfigurationIsVisible = 0;
			defaultConfigurationName = Release;
		};
		9F451A3F1EEDD3710071925E /* Build configuration list for PBXNativeTarget "Test" */ = {
			isa = XCConfigurationList;
			buildConfigurations = (
				9F451A401EEDD3710071925E /* Debug */,
				9F451A411EEDD3710071925E /* Release */,
			);
			defaultConfigurationIsVisible = 0;
		};
		9F451A421EEDD3710071925E /* Build configuration list for PBXNativeTarget "TestTests" */ = {
			isa = XCConfigurationList;
			buildConfigurations = (
				9F451A431EEDD3710071925E /* Debug */,
				9F451A441EEDD3710071925E /* Release */,
			);
			defaultConfigurationIsVisible = 0;
		};
/* End XCConfigurationList section */
	};
	rootObject = 9F451A1A1EEDD3700071925E /* Project object */;
}
